
Microsoft Visual Studio Solution File, Format Version 12.00
# Visual Studio Version 17
VisualStudioVersion = 17.0.31903.59
MinimumVisualStudioVersion = 10.0.40219.1
Project("{FAE04EC0-301F-11D3-BF4B-00C04F79EFBC}") = "ECommerceCartCrud.UI", "ECommerceCartCrud.UI\ECommerceCartCrud.UI.csproj", "{A16F0A1D-BB31-417A-9FF1-C4AA6EA35351}"
EndProject
Project("{FAE04EC0-301F-11D3-BF4B-00C04F79EFBC}") = "ECommerceCartCrud.Core", "ECommerceCartCrud.Core\ECommerceCartCrud.Core.csproj", "{11FF05F9-F6E9-44D8-A666-DDDC821BBF5D}"
EndProject
Project("{FAE04EC0-301F-11D3-BF4B-00C04F79EFBC}") = "ECommerceCartCrud.Infrastructure", "ECommerceCartCrud.Infrastructure\ECommerceCartCrud.Infrastructure.csproj", "{D832688A-DD4B-474E-849E-A8AC8601F1EC}"
EndProject
Global
	GlobalSection(SolutionConfigurationPlatforms) = preSolution
		Debug|Any CPU = Debug|Any CPU
		Release|Any CPU = Release|Any CPU
	EndGlobalSection
	GlobalSection(SolutionProperties) = preSolution
		HideSolutionNode = FALSE
	EndGlobalSection
	GlobalSection(ProjectConfigurationPlatforms) = postSolution
		{A16F0A1D-BB31-417A-9FF1-C4AA6EA35351}.Debug|Any CPU.ActiveCfg = Debug|Any CPU
		{A16F0A1D-BB31-417A-9FF1-C4AA6EA35351}.Debug|Any CPU.Build.0 = Debug|Any CPU
		{A16F0A1D-BB31-417A-9FF1-C4AA6EA35351}.Release|Any CPU.ActiveCfg = Release|Any CPU
		{A16F0A1D-BB31-417A-9FF1-C4AA6EA35351}.Release|Any CPU.Build.0 = Release|Any CPU
		{11FF05F9-F6E9-44D8-A666-DDDC821BBF5D}.Debug|Any CPU.ActiveCfg = Debug|Any CPU
		{11FF05F9-F6E9-44D8-A666-DDDC821BBF5D}.Debug|Any CPU.Build.0 = Debug|Any CPU
		{11FF05F9-F6E9-44D8-A666-DDDC821BBF5D}.Release|Any CPU.ActiveCfg = Release|Any CPU
		{11FF05F9-F6E9-44D8-A666-DDDC821BBF5D}.Release|Any CPU.Build.0 = Release|Any CPU
		{D832688A-DD4B-474E-849E-A8AC8601F1EC}.Debug|Any CPU.ActiveCfg = Debug|Any CPU
		{D832688A-DD4B-474E-849E-A8AC8601F1EC}.Debug|Any CPU.Build.0 = Debug|Any CPU
		{D832688A-DD4B-474E-849E-A8AC8601F1EC}.Release|Any CPU.ActiveCfg = Release|Any CPU
		{D832688A-DD4B-474E-849E-A8AC8601F1EC}.Release|Any CPU.Build.0 = Release|Any CPU
	EndGlobalSection
EndGlobal
