
Microsoft Visual Studio Solution File, Format Version 12.00
# Visual Studio Version 17
VisualStudioVersion = 17.0.31903.59
MinimumVisualStudioVersion = 10.0.40219.1
Project("{FAE04EC0-301F-11D3-BF4B-00C04F79EFBC}") = "ECommerceCart.UI", "ECommerceCart.UI\ECommerceCart.UI.csproj", "{D6044BDB-BE82-4135-8A2F-6114CAE2EB7D}"
EndProject
Project("{FAE04EC0-301F-11D3-BF4B-00C04F79EFBC}") = "ECommerceCart.Core", "ECommerceCart.Core\ECommerceCart.Core.csproj", "{9054775D-3640-4A6F-9F55-4DD12D0AA89F}"
EndProject
Project("{FAE04EC0-301F-11D3-BF4B-00C04F79EFBC}") = "ECommerceCart.Infrastructure", "ECommerceCart.Infrastructure\ECommerceCart.Infrastructure.csproj", "{C227C2A5-5D46-497D-84F3-DE9D52B439B7}"
EndProject
Global
	GlobalSection(SolutionConfigurationPlatforms) = preSolution
		Debug|Any CPU = Debug|Any CPU
		Release|Any CPU = Release|Any CPU
	EndGlobalSection
	GlobalSection(ProjectConfigurationPlatforms) = postSolution
		{D6044BDB-BE82-4135-8A2F-6114CAE2EB7D}.Debug|Any CPU.ActiveCfg = Debug|Any CPU
		{D6044BDB-BE82-4135-8A2F-6114CAE2EB7D}.Debug|Any CPU.Build.0 = Debug|Any CPU
		{D6044BDB-BE82-4135-8A2F-6114CAE2EB7D}.Release|Any CPU.ActiveCfg = Release|Any CPU
		{D6044BDB-BE82-4135-8A2F-6114CAE2EB7D}.Release|Any CPU.Build.0 = Release|Any CPU
		{9054775D-3640-4A6F-9F55-4DD12D0AA89F}.Debug|Any CPU.ActiveCfg = Debug|Any CPU
		{9054775D-3640-4A6F-9F55-4DD12D0AA89F}.Debug|Any CPU.Build.0 = Debug|Any CPU
		{9054775D-3640-4A6F-9F55-4DD12D0AA89F}.Release|Any CPU.ActiveCfg = Release|Any CPU
		{9054775D-3640-4A6F-9F55-4DD12D0AA89F}.Release|Any CPU.Build.0 = Release|Any CPU
		{C227C2A5-5D46-497D-84F3-DE9D52B439B7}.Debug|Any CPU.ActiveCfg = Debug|Any CPU
		{C227C2A5-5D46-497D-84F3-DE9D52B439B7}.Debug|Any CPU.Build.0 = Debug|Any CPU
		{C227C2A5-5D46-497D-84F3-DE9D52B439B7}.Release|Any CPU.ActiveCfg = Release|Any CPU
		{C227C2A5-5D46-497D-84F3-DE9D52B439B7}.Release|Any CPU.Build.0 = Release|Any CPU
	EndGlobalSection
	GlobalSection(SolutionProperties) = preSolution
		HideSolutionNode = FALSE
	EndGlobalSection
EndGlobal
